
Microsoft Visual Studio Solution File, Format Version 12.00
# Visual Studio Version 17
VisualStudioVersion = 17.5.33530.505
MinimumVisualStudioVersion = 10.0.40219.1
Project("{FAE04EC0-301F-11D3-BF4B-00C04F79EFBC}") = "Otelyeniden", "Otelyeniden\Otelyeniden.csproj", "{A25C9776-4E75-4ECD-851D-1360BA9E764A}"
EndProject
Global
	GlobalSection(SolutionConfigurationPlatforms) = preSolution
		Debug|Any CPU = Debug|Any CPU
		Release|Any CPU = Release|Any CPU
	EndGlobalSection
	GlobalSection(ProjectConfigurationPlatforms) = postSolution
		{A25C9776-4E75-4ECD-851D-1360BA9E764A}.Debug|Any CPU.ActiveCfg = Debug|Any CPU
		{A25C9776-4E75-4ECD-851D-1360BA9E764A}.Debug|Any CPU.Build.0 = Debug|Any CPU
		{A25C9776-4E75-4ECD-851D-1360BA9E764A}.Release|Any CPU.ActiveCfg = Release|Any CPU
		{A25C9776-4E75-4ECD-851D-1360BA9E764A}.Release|Any CPU.Build.0 = Release|Any CPU
	EndGlobalSection
	GlobalSection(SolutionProperties) = preSolution
		HideSolutionNode = FALSE
	EndGlobalSection
	GlobalSection(ExtensibilityGlobals) = postSolution
		SolutionGuid = {C4218E0C-E6F0-4ECC-92F6-A2ED9D43A134}
	EndGlobalSection
EndGlobal
